
Microsoft Visual Studio Solution File, Format Version 12.00
# Visual Studio 15
VisualStudioVersion = 15.0.27703.2042
MinimumVisualStudioVersion = 10.0.40219.1
Project("{2150E333-8FDC-42A3-9474-1A3956D46DE8}") = "UXI-Services", "UXI-Services", "{A07D3782-E346-41E8-B1BE-21000F22353F}"
EndProject
Project("{2150E333-8FDC-42A3-9474-1A3956D46DE8}") = "Solution Items", "Solution Items", "{32E7DC86-539F-4F6F-8CB3-970A69FD02FC}"
	ProjectSection(SolutionItems) = preProject
		global.json = global.json
	EndProjectSection
EndProject
Project("{2150E333-8FDC-42A3-9474-1A3956D46DE8}") = "Modelo", "Modelo", "{A377C28F-2C64-4F9A-9981-F5CAA385CFFF}"
EndProject
Project("{FAE04EC0-301F-11D3-BF4B-00C04F79EFBC}") = "UXiModel", "UXiModel\UXiModel.csproj", "{7BD6F46F-C959-44D8-831C-E1D6546D29CA}"
EndProject
Project("{FAE04EC0-301F-11D3-BF4B-00C04F79EFBC}") = "AffiliateUXI", "AffiliateUXI\AffiliateUXI.csproj", "{49CDEE5B-8137-47BB-91A6-3B25343F429A}"
EndProject
Project("{2150E333-8FDC-42A3-9474-1A3956D46DE8}") = "UI-UXI", "UI-UXI", "{5BF351C1-3E08-440B-BEE5-7D0C76EA15D3}"
EndProject
Project("{FAE04EC0-301F-11D3-BF4B-00C04F79EFBC}") = "MvcApplication1", "MvcApplication1\MvcApplication1.csproj", "{2DFC9F9E-A969-45FA-A524-9D0BDE1DF29B}"
EndProject
Project("{2150E333-8FDC-42A3-9474-1A3956D46DE8}") = "Entities", "Entities", "{496EFAE3-0800-4244-90DC-80C1970DCC1B}"
EndProject
Project("{FAE04EC0-301F-11D3-BF4B-00C04F79EFBC}") = "UxiEntities", "UxiEntities\UxiEntities.csproj", "{FC16FA86-935F-45BA-B399-52CAA7FA96C4}"
EndProject
Project("{2150E333-8FDC-42A3-9474-1A3956D46DE8}") = "PortalProveedores", "PortalProveedores", "{7E111C91-7839-4CA6-B935-9F28324F48B3}"
EndProject
Project("{FAE04EC0-301F-11D3-BF4B-00C04F79EFBC}") = "ProveedoresUxi", "ProveedoresUxi\ProveedoresUxi.csproj", "{49EB604F-EF75-460F-8BB7-4534DB875438}"
EndProject
Project("{2150E333-8FDC-42A3-9474-1A3956D46DE8}") = "Test", "Test", "{51CE91F4-AEEB-48C0-BFF4-63D559F9BB6B}"
EndProject
Project("{FAE04EC0-301F-11D3-BF4B-00C04F79EFBC}") = "UXITest", "UXITest\UXITest.csproj", "{B380F886-BF35-47B6-99C7-1E284FAAD8DD}"
EndProject
Global
	GlobalSection(SolutionConfigurationPlatforms) = preSolution
		azureUSA1|Any CPU = azureUSA1|Any CPU
		Debug|Any CPU = Debug|Any CPU
		Release|Any CPU = Release|Any CPU
	EndGlobalSection
	GlobalSection(ProjectConfigurationPlatforms) = postSolution
		{7BD6F46F-C959-44D8-831C-E1D6546D29CA}.azureUSA1|Any CPU.ActiveCfg = azureUSA1|Any CPU
		{7BD6F46F-C959-44D8-831C-E1D6546D29CA}.azureUSA1|Any CPU.Build.0 = azureUSA1|Any CPU
		{7BD6F46F-C959-44D8-831C-E1D6546D29CA}.Debug|Any CPU.ActiveCfg = azureUSA1|Any CPU
		{7BD6F46F-C959-44D8-831C-E1D6546D29CA}.Debug|Any CPU.Build.0 = azureUSA1|Any CPU
		{7BD6F46F-C959-44D8-831C-E1D6546D29CA}.Release|Any CPU.ActiveCfg = Release|Any CPU
		{7BD6F46F-C959-44D8-831C-E1D6546D29CA}.Release|Any CPU.Build.0 = Release|Any CPU
		{49CDEE5B-8137-47BB-91A6-3B25343F429A}.azureUSA1|Any CPU.ActiveCfg = azureUSA1|Any CPU
		{49CDEE5B-8137-47BB-91A6-3B25343F429A}.azureUSA1|Any CPU.Build.0 = azureUSA1|Any CPU
		{49CDEE5B-8137-47BB-91A6-3B25343F429A}.Debug|Any CPU.ActiveCfg = azureUSA1|Any CPU
		{49CDEE5B-8137-47BB-91A6-3B25343F429A}.Debug|Any CPU.Build.0 = azureUSA1|Any CPU
		{49CDEE5B-8137-47BB-91A6-3B25343F429A}.Release|Any CPU.ActiveCfg = Release|Any CPU
		{49CDEE5B-8137-47BB-91A6-3B25343F429A}.Release|Any CPU.Build.0 = Release|Any CPU
		{2DFC9F9E-A969-45FA-A524-9D0BDE1DF29B}.azureUSA1|Any CPU.ActiveCfg = azureUSA1|Any CPU
		{2DFC9F9E-A969-45FA-A524-9D0BDE1DF29B}.azureUSA1|Any CPU.Build.0 = azureUSA1|Any CPU
		{2DFC9F9E-A969-45FA-A524-9D0BDE1DF29B}.Debug|Any CPU.ActiveCfg = azureUSA1|Any CPU
		{2DFC9F9E-A969-45FA-A524-9D0BDE1DF29B}.Debug|Any CPU.Build.0 = azureUSA1|Any CPU
		{2DFC9F9E-A969-45FA-A524-9D0BDE1DF29B}.Release|Any CPU.ActiveCfg = Release|Any CPU
		{2DFC9F9E-A969-45FA-A524-9D0BDE1DF29B}.Release|Any CPU.Build.0 = Release|Any CPU
		{FC16FA86-935F-45BA-B399-52CAA7FA96C4}.azureUSA1|Any CPU.ActiveCfg = azureUSA1|Any CPU
		{FC16FA86-935F-45BA-B399-52CAA7FA96C4}.azureUSA1|Any CPU.Build.0 = azureUSA1|Any CPU
		{FC16FA86-935F-45BA-B399-52CAA7FA96C4}.Debug|Any CPU.ActiveCfg = azureUSA1|Any CPU
		{FC16FA86-935F-45BA-B399-52CAA7FA96C4}.Debug|Any CPU.Build.0 = azureUSA1|Any CPU
		{FC16FA86-935F-45BA-B399-52CAA7FA96C4}.Release|Any CPU.ActiveCfg = Release|Any CPU
		{FC16FA86-935F-45BA-B399-52CAA7FA96C4}.Release|Any CPU.Build.0 = Release|Any CPU
		{49EB604F-EF75-460F-8BB7-4534DB875438}.azureUSA1|Any CPU.ActiveCfg = azureUSA1|Any CPU
		{49EB604F-EF75-460F-8BB7-4534DB875438}.azureUSA1|Any CPU.Build.0 = azureUSA1|Any CPU
		{49EB604F-EF75-460F-8BB7-4534DB875438}.Debug|Any CPU.ActiveCfg = azureUSA1|Any CPU
		{49EB604F-EF75-460F-8BB7-4534DB875438}.Debug|Any CPU.Build.0 = azureUSA1|Any CPU
		{49EB604F-EF75-460F-8BB7-4534DB875438}.Release|Any CPU.ActiveCfg = Release|Any CPU
		{49EB604F-EF75-460F-8BB7-4534DB875438}.Release|Any CPU.Build.0 = Release|Any CPU
		{B380F886-BF35-47B6-99C7-1E284FAAD8DD}.azureUSA1|Any CPU.ActiveCfg = azureUSA1|Any CPU
		{B380F886-BF35-47B6-99C7-1E284FAAD8DD}.azureUSA1|Any CPU.Build.0 = azureUSA1|Any CPU
		{B380F886-BF35-47B6-99C7-1E284FAAD8DD}.Debug|Any CPU.ActiveCfg = azureUSA1|Any CPU
		{B380F886-BF35-47B6-99C7-1E284FAAD8DD}.Debug|Any CPU.Build.0 = azureUSA1|Any CPU
		{B380F886-BF35-47B6-99C7-1E284FAAD8DD}.Release|Any CPU.ActiveCfg = Release|Any CPU
		{B380F886-BF35-47B6-99C7-1E284FAAD8DD}.Release|Any CPU.Build.0 = Release|Any CPU
	EndGlobalSection
	GlobalSection(SolutionProperties) = preSolution
		HideSolutionNode = FALSE
	EndGlobalSection
	GlobalSection(NestedProjects) = preSolution
		{7BD6F46F-C959-44D8-831C-E1D6546D29CA} = {A377C28F-2C64-4F9A-9981-F5CAA385CFFF}
		{49CDEE5B-8137-47BB-91A6-3B25343F429A} = {A07D3782-E346-41E8-B1BE-21000F22353F}
		{2DFC9F9E-A969-45FA-A524-9D0BDE1DF29B} = {5BF351C1-3E08-440B-BEE5-7D0C76EA15D3}
		{496EFAE3-0800-4244-90DC-80C1970DCC1B} = {A377C28F-2C64-4F9A-9981-F5CAA385CFFF}
		{FC16FA86-935F-45BA-B399-52CAA7FA96C4} = {496EFAE3-0800-4244-90DC-80C1970DCC1B}
		{49EB604F-EF75-460F-8BB7-4534DB875438} = {7E111C91-7839-4CA6-B935-9F28324F48B3}
		{B380F886-BF35-47B6-99C7-1E284FAAD8DD} = {51CE91F4-AEEB-48C0-BFF4-63D559F9BB6B}
	EndGlobalSection
	GlobalSection(ExtensibilityGlobals) = postSolution
		SolutionGuid = {A675EE57-1C2D-40AC-A5EB-2EF85D709262}
	EndGlobalSection
EndGlobal
